
Microsoft Visual Studio Solution File, Format Version 12.00
# Visual Studio Version 17
VisualStudioVersion = 17.0.31903.59
MinimumVisualStudioVersion = 10.0.40219.1
Project("{9A19103F-16F7-4668-BE54-9A1E7A4F7556}") = "Heroes.API", "HeroesMinimal.API\Heroes.API.csproj", "{3FCD8CBD-D0C3-47EF-BA67-59A6838E5AA9}"
EndProject
Global
	GlobalSection(SolutionConfigurationPlatforms) = preSolution
		Debug|Any CPU = Debug|Any CPU
		Release|Any CPU = Release|Any CPU
	EndGlobalSection
	GlobalSection(ProjectConfigurationPlatforms) = postSolution
		{3FCD8CBD-D0C3-47EF-BA67-59A6838E5AA9}.Debug|Any CPU.ActiveCfg = Debug|Any CPU
		{3FCD8CBD-D0C3-47EF-BA67-59A6838E5AA9}.Debug|Any CPU.Build.0 = Debug|Any CPU
		{3FCD8CBD-D0C3-47EF-BA67-59A6838E5AA9}.Release|Any CPU.ActiveCfg = Release|Any CPU
		{3FCD8CBD-D0C3-47EF-BA67-59A6838E5AA9}.Release|Any CPU.Build.0 = Release|Any CPU
	EndGlobalSection
	GlobalSection(SolutionProperties) = preSolution
		HideSolutionNode = FALSE
	EndGlobalSection
	GlobalSection(ExtensibilityGlobals) = postSolution
		SolutionGuid = {17CF8A2B-EF5E-4E7E-BC05-F5D4D7D0CC55}
	EndGlobalSection
EndGlobal
